// !$*UTF8*$!
{
	archiveVersion = 1;
	classes = {
	};
	objectVersion = 46;
	objects = {

/* Begin PBXBuildFile section */
		D7A175991EDF1F4E006CFD9B /* DataFunctions.swift in Sources */ = {isa = PBXBuildFile; fileRef = D7A175981EDF1F4E006CFD9B /* DataFunctions.swift */; };
		D7A1759B1EDF2002006CFD9B /* LearnChainController.swift in Sources */ = {isa = PBXBuildFile; fileRef = D7A1759A1EDF2002006CFD9B /* LearnChainController.swift */; };
		D7A1759D1EDF2056006CFD9B /* LearnChainCell.swift in Sources */ = {isa = PBXBuildFile; fileRef = D7A1759C1EDF2056006CFD9B /* LearnChainCell.swift */; };
		D7FE48BD1ED7DE7F0085487D /* AppDelegate.swift in Sources */ = {isa = PBXBuildFile; fileRef = D7FE48BC1ED7DE7F0085487D /* AppDelegate.swift */; };
		D7FE48C21ED7DE7F0085487D /* Main.storyboard in Resources */ = {isa = PBXBuildFile; fileRef = D7FE48C01ED7DE7F0085487D /* Main.storyboard */; };
		D7FE48C41ED7DE7F0085487D /* Assets.xcassets in Resources */ = {isa = PBXBuildFile; fileRef = D7FE48C31ED7DE7F0085487D /* Assets.xcassets */; };
		D7FE48C71ED7DE7F0085487D /* LaunchScreen.storyboard in Resources */ = {isa = PBXBuildFile; fileRef = D7FE48C51ED7DE7F0085487D /* LaunchScreen.storyboard */; };
		D7FE48CF1ED7E0A90085487D /* HomeController.swift in Sources */ = {isa = PBXBuildFile; fileRef = D7FE48CE1ED7E0A90085487D /* HomeController.swift */; };
		D7FE48D31ED7F07C0085487D /* DataModels.swift in Sources */ = {isa = PBXBuildFile; fileRef = D7FE48D21ED7F07C0085487D /* DataModels.swift */; };
		D7FE48D51ED7F2860085487D /* MainCell.swift in Sources */ = {isa = PBXBuildFile; fileRef = D7FE48D41ED7F2860085487D /* MainCell.swift */; };
/* End PBXBuildFile section */

/* Begin PBXFileReference section */
		D7A175981EDF1F4E006CFD9B /* DataFunctions.swift */ = {isa = PBXFileReference; fileEncoding = 4; lastKnownFileType = sourcecode.swift; path = DataFunctions.swift; sourceTree = "<group>"; };
		D7A1759A1EDF2002006CFD9B /* LearnChainController.swift */ = {isa = PBXFileReference; fileEncoding = 4; lastKnownFileType = sourcecode.swift; path = LearnChainController.swift; sourceTree = "<group>"; };
		D7A1759C1EDF2056006CFD9B /* LearnChainCell.swift */ = {isa = PBXFileReference; fileEncoding = 4; lastKnownFileType = sourcecode.swift; path = LearnChainCell.swift; sourceTree = "<group>"; };
		D7FE48B91ED7DE7F0085487D /* Slalom.app */ = {isa = PBXFileReference; explicitFileType = wrapper.application; includeInIndex = 0; path = Slalom.app; sourceTree = BUILT_PRODUCTS_DIR; };
		D7FE48BC1ED7DE7F0085487D /* AppDelegate.swift */ = {isa = PBXFileReference; lastKnownFileType = sourcecode.swift; path = AppDelegate.swift; sourceTree = "<group>"; };
		D7FE48C11ED7DE7F0085487D /* Base */ = {isa = PBXFileReference; lastKnownFileType = file.storyboard; name = Base; path = Base.lproj/Main.storyboard; sourceTree = "<group>"; };
		D7FE48C31ED7DE7F0085487D /* Assets.xcassets */ = {isa = PBXFileReference; lastKnownFileType = folder.assetcatalog; path = Assets.xcassets; sourceTree = "<group>"; };
		D7FE48C61ED7DE7F0085487D /* Base */ = {isa = PBXFileReference; lastKnownFileType = file.storyboard; name = Base; path = Base.lproj/LaunchScreen.storyboard; sourceTree = "<group>"; };
		D7FE48C81ED7DE7F0085487D /* Info.plist */ = {isa = PBXFileReference; lastKnownFileType = text.plist.xml; path = Info.plist; sourceTree = "<group>"; };
		D7FE48CE1ED7E0A90085487D /* HomeController.swift */ = {isa = PBXFileReference; fileEncoding = 4; lastKnownFileType = sourcecode.swift; path = HomeController.swift; sourceTree = "<group>"; };
		D7FE48D21ED7F07C0085487D /* DataModels.swift */ = {isa = PBXFileReference; fileEncoding = 4; lastKnownFileType = sourcecode.swift; path = DataModels.swift; sourceTree = "<group>"; };
		D7FE48D41ED7F2860085487D /* MainCell.swift */ = {isa = PBXFileReference; fileEncoding = 4; lastKnownFileType = sourcecode.swift; path = MainCell.swift; sourceTree = "<group>"; };
/* End PBXFileReference section */

/* Begin PBXFrameworksBuildPhase section */
		D7FE48B61ED7DE7F0085487D /* Frameworks */ = {
			isa = PBXFrameworksBuildPhase;
			buildActionMask = 2147483647;
			files = (
			);
			runOnlyForDeploymentPostprocessing = 0;
		};
/* End PBXFrameworksBuildPhase section */

/* Begin PBXGroup section */
		D756C9EF1EE497AE0062F843 /* Not used */ = {
			isa = PBXGroup;
			children = (
				D7FE48CE1ED7E0A90085487D /* HomeController.swift */,
				D7FE48D41ED7F2860085487D /* MainCell.swift */,
			);
			name = "Not used";
			sourceTree = "<group>";
		};
		D7FE48B01ED7DE7F0085487D = {
			isa = PBXGroup;
			children = (
				D7FE48BB1ED7DE7F0085487D /* Slalom */,
				D7FE48BA1ED7DE7F0085487D /* Products */,
			);
			sourceTree = "<group>";
		};
		D7FE48BA1ED7DE7F0085487D /* Products */ = {
			isa = PBXGroup;
			children = (
				D7FE48B91ED7DE7F0085487D /* Slalom.app */,
			);
			name = Products;
			sourceTree = "<group>";
		};
		D7FE48BB1ED7DE7F0085487D /* Slalom */ = {
			isa = PBXGroup;
			children = (
				D7FE48BC1ED7DE7F0085487D /* AppDelegate.swift */,
				D756C9EF1EE497AE0062F843 /* Not used */,
				D7A1759A1EDF2002006CFD9B /* LearnChainController.swift */,
				D7A1759C1EDF2056006CFD9B /* LearnChainCell.swift */,
				D7FE48D21ED7F07C0085487D /* DataModels.swift */,
				D7A175981EDF1F4E006CFD9B /* DataFunctions.swift */,
				D7FE48C01ED7DE7F0085487D /* Main.storyboard */,
				D7FE48C31ED7DE7F0085487D /* Assets.xcassets */,
				D7FE48C51ED7DE7F0085487D /* LaunchScreen.storyboard */,
				D7FE48C81ED7DE7F0085487D /* Info.plist */,
			);
			path = Slalom;
			sourceTree = "<group>";
		};
/* End PBXGroup section */

/* Begin PBXNativeTarget section */
		D7FE48B81ED7DE7F0085487D /* Slalom */ = {
			isa = PBXNativeTarget;
			buildConfigurationList = D7FE48CB1ED7DE7F0085487D /* Build configuration list for PBXNativeTarget "Slalom" */;
			buildPhases = (
				D7FE48B51ED7DE7F0085487D /* Sources */,
				D7FE48B61ED7DE7F0085487D /* Frameworks */,
				D7FE48B71ED7DE7F0085487D /* Resources */,
			);
			buildRules = (
			);
			dependencies = (
			);
			name = Slalom;
			productName = Slalom;
			productReference = D7FE48B91ED7DE7F0085487D /* Slalom.app */;
			productType = "com.apple.product-type.application";
		};
/* End PBXNativeTarget section */

/* Begin PBXProject section */
		D7FE48B11ED7DE7F0085487D /* Project object */ = {
			isa = PBXProject;
			attributes = {
				LastSwiftUpdateCheck = 0820;
				LastUpgradeCheck = 0820;
				ORGANIZATIONNAME = "RedRooster Technologies Inc.";
				TargetAttributes = {
					D7FE48B81ED7DE7F0085487D = {
						CreatedOnToolsVersion = 8.2.1;
						DevelopmentTeam = 2PSWQPK482;
						ProvisioningStyle = Automatic;
					};
				};
			};
			buildConfigurationList = D7FE48B41ED7DE7F0085487D /* Build configuration list for PBXProject "Slalom" */;
			compatibilityVersion = "Xcode 3.2";
			developmentRegion = English;
			hasScannedForEncodings = 0;
			knownRegions = (
				en,
				Base,
			);
			mainGroup = D7FE48B01ED7DE7F0085487D;
			productRefGroup = D7FE48BA1ED7DE7F0085487D /* Products */;
			projectDirPath = "";
			projectRoot = "";
			targets = (
				D7FE48B81ED7DE7F0085487D /* Slalom */,
			);
		};
/* End PBXProject section */

/* Begin PBXResourcesBuildPhase section */
		D7FE48B71ED7DE7F0085487D /* Resources */ = {
			isa = PBXResourcesBuildPhase;
			buildActionMask = 2147483647;
			files = (
				D7FE48C71ED7DE7F0085487D /* LaunchScreen.storyboard in Resources */,
				D7FE48C41ED7DE7F0085487D /* Assets.xcassets in Resources */,
				D7FE48C21ED7DE7F0085487D /* Main.storyboard in Resources */,
			);
			runOnlyForDeploymentPostprocessing = 0;
		};
/* End PBXResourcesBuildPhase section */

/* Begin PBXSourcesBuildPhase section */
		D7FE48B51ED7DE7F0085487D /* Sources */ = {
			isa = PBXSourcesBuildPhase;
			buildActionMask = 2147483647;
			files = (
				D7A1759B1EDF2002006CFD9B /* LearnChainController.swift in Sources */,
				D7A1759D1EDF2056006CFD9B /* LearnChainCell.swift in Sources */,
				D7A175991EDF1F4E006CFD9B /* DataFunctions.swift in Sources */,
				D7FE48D31ED7F07C0085487D /* DataModels.swift in Sources */,
				D7FE48BD1ED7DE7F0085487D /* AppDelegate.swift in Sources */,
				D7FE48CF1ED7E0A90085487D /* HomeController.swift in Sources */,
				D7FE48D51ED7F2860085487D /* MainCell.swift in Sources */,
			);
			runOnlyForDeploymentPostprocessing = 0;
		};
/* End PBXSourcesBuildPhase section */

/* Begin PBXVariantGroup section */
		D7FE48C01ED7DE7F0085487D /* Main.storyboard */ = {
			isa = PBXVariantGroup;
			children = (
				D7FE48C11ED7DE7F0085487D /* Base */,
			);
			name = Main.storyboard;
			sourceTree = "<group>";
		};
		D7FE48C51ED7DE7F0085487D /* LaunchScreen.storyboard */ = {
			isa = PBXVariantGroup;
			children = (
				D7FE48C61ED7DE7F0085487D /* Base */,
			);
			name = LaunchScreen.storyboard;
			sourceTree = "<group>";
		};
/* End PBXVariantGroup section */

/* Begin XCBuildConfiguration section */
		D7FE48C91ED7DE7F0085487D /* Debug */ = {
			isa = XCBuildConfiguration;
			buildSettings = {
				ALWAYS_SEARCH_USER_PATHS = NO;
				CLANG_ANALYZER_NONNULL = YES;
				CLANG_CXX_LANGUAGE_STANDARD = "gnu++0x";
				CLANG_CXX_LIBRARY = "libc++";
				CLANG_ENABLE_MODULES = YES;
				CLANG_ENABLE_OBJC_ARC = YES;
				CLANG_WARN_BOOL_CONVERSION = YES;
				CLANG_WARN_CONSTANT_CONVERSION = YES;
				CLANG_WARN_DIRECT_OBJC_ISA_USAGE = YES_ERROR;
				CLANG_WARN_DOCUMENTATION_COMMENTS = YES;
				CLANG_WARN_EMPTY_BODY = YES;
				CLANG_WARN_ENUM_CONVERSION = YES;
				CLANG_WARN_INFINITE_RECURSION = YES;
				CLANG_WARN_INT_CONVERSION = YES;
				CLANG_WARN_OBJC_ROOT_CLASS = YES_ERROR;
				CLANG_WARN_SUSPICIOUS_MOVE = YES;
				CLANG_WARN_UNREACHABLE_CODE = YES;
				CLANG_WARN__DUPLICATE_METHOD_MATCH = YES;
				"CODE_SIGN_IDENTITY[sdk=iphoneos*]" = "iPhone Developer";
				COPY_PHASE_STRIP = NO;
				DEBUG_INFORMATION_FORMAT = dwarf;
				ENABLE_STRICT_OBJC_MSGSEND = YES;
				ENABLE_TESTABILITY = YES;
				GCC_C_LANGUAGE_STANDARD = gnu99;
				GCC_DYNAMIC_NO_PIC = NO;
				GCC_NO_COMMON_BLOCKS = YES;
				GCC_OPTIMIZATION_LEVEL = 0;
				GCC_PREPROCESSOR_DEFINITIONS = (
					"DEBUG=1",
					"$(inherited)",
				);
				GCC_WARN_64_TO_32_BIT_CONVERSION = YES;
				GCC_WARN_ABOUT_RETURN_TYPE = YES_ERROR;
				GCC_WARN_UNDECLARED_SELECTOR = YES;
				GCC_WARN_UNINITIALIZED_AUTOS = YES_AGGRESSIVE;
				GCC_WARN_UNUSED_FUNCTION = YES;
				GCC_WARN_UNUSED_VARIABLE = YES;
				IPHONEOS_DEPLOYMENT_TARGET = 10.2;
				MTL_ENABLE_DEBUG_INFO = YES;
				ONLY_ACTIVE_ARCH = YES;
				SDKROOT = iphoneos;
				SWIFT_ACTIVE_COMPILATION_CONDITIONS = DEBUG;
				SWIFT_OPTIMIZATION_LEVEL = "-Onone";
			};
			name = Debug;
		};
		D7FE48CA1ED7DE7F0085487D /* Release */ = {
			isa = XCBuildConfiguration;
			buildSettings = {
				ALWAYS_SEARCH_USER_PATHS = NO;
				CLANG_ANALYZER_NONNULL = YES;
				CLANG_CXX_LANGUAGE_STANDARD = "gnu++0x";
				CLANG_CXX_LIBRARY = "libc++";
				CLANG_ENABLE_MODULES = YES;
				CLANG_ENABLE_OBJC_ARC = YES;
				CLANG_WARN_BOOL_CONVERSION = YES;
				CLANG_WARN_CONSTANT_CONVERSION = YES;
				CLANG_WARN_DIRECT_OBJC_ISA_USAGE = YES_ERROR;
				CLANG_WARN_DOCUMENTATION_COMMENTS = YES;
				CLANG_WARN_EMPTY_BODY = YES;
				CLANG_WARN_ENUM_CONVERSION = YES;
				CLANG_WARN_INFINITE_RECURSION = YES;
				CLANG_WARN_INT_CONVERSION = YES;
				CLANG_WARN_OBJC_ROOT_CLASS = YES_ERROR;
				CLANG_WARN_SUSPICIOUS_MOVE = YES;
				CLANG_WARN_UNREACHABLE_CODE = YES;
				CLANG_WARN__DUPLICATE_METHOD_MATCH = YES;
				"CODE_SIGN_IDENTITY[sdk=iphoneos*]" = "iPhone Developer";
				COPY_PHASE_STRIP = NO;
				DEBUG_INFORMATION_FORMAT = "dwarf-with-dsym";
				ENABLE_NS_ASSERTIONS = NO;
				ENABLE_STRICT_OBJC_MSGSEND = YES;
				GCC_C_LANGUAGE_STANDARD = gnu99;
				GCC_NO_COMMON_BLOCKS = YES;
				GCC_WARN_64_TO_32_BIT_CONVERSION = YES;
				GCC_WARN_ABOUT_RETURN_TYPE = YES_ERROR;
				GCC_WARN_UNDECLARED_SELECTOR = YES;
				GCC_WARN_UNINITIALIZED_AUTOS = YES_AGGRESSIVE;
				GCC_WARN_UNUSED_FUNCTION = YES;
				GCC_WARN_UNUSED_VARIABLE = YES;
				IPHONEOS_DEPLOYMENT_TARGET = 10.2;
				MTL_ENABLE_DEBUG_INFO = NO;
				SDKROOT = iphoneos;
				SWIFT_OPTIMIZATION_LEVEL = "-Owholemodule";
				VALIDATE_PRODUCT = YES;
			};
			name = Release;
		};
		D7FE48CC1ED7DE7F0085487D /* Debug */ = {
			isa = XCBuildConfiguration;
			buildSettings = {
				ASSETCATALOG_COMPILER_APPICON_NAME = AppIcon;
				DEVELOPMENT_TEAM = 2PSWQPK482;
				INFOPLIST_FILE = Slalom/Info.plist;
				LD_RUNPATH_SEARCH_PATHS = "$(inherited) @executable_path/Frameworks";
				PRODUCT_BUNDLE_IDENTIFIER = rrtech.michaelwestbrooks.Slalom;
				PRODUCT_NAME = "$(TARGET_NAME)";
				SWIFT_VERSION = 3.0;
			};
			name = Debug;
		};
		D7FE48CD1ED7DE7F0085487D /* Release */ = {
			isa = XCBuildConfiguration;
			buildSettings = {
				ASSETCATALOG_COMPILER_APPICON_NAME = AppIcon;
				DEVELOPMENT_TEAM = 2PSWQPK482;
				INFOPLIST_FILE = Slalom/Info.plist;
				LD_RUNPATH_SEARCH_PATHS = "$(inherited) @executable_path/Frameworks";
				PRODUCT_BUNDLE_IDENTIFIER = rrtech.michaelwestbrooks.Slalom;
				PRODUCT_NAME = "$(TARGET_NAME)";
				SWIFT_VERSION = 3.0;
			};
			name = Release;
		};
/* End XCBuildConfiguration section */

/* Begin XCConfigurationList section */
		D7FE48B41ED7DE7F0085487D /* Build configuration list for PBXProject "Slalom" */ = {
			isa = XCConfigurationList;
			buildConfigurations = (
				D7FE48C91ED7DE7F0085487D /* Debug */,
				D7FE48CA1ED7DE7F0085487D /* Release */,
			);
			defaultConfigurationIsVisible = 0;
			defaultConfigurationName = Release;
		};
		D7FE48CB1ED7DE7F0085487D /* Build configuration list for PBXNativeTarget "Slalom" */ = {
			isa = XCConfigurationList;
			buildConfigurations = (
				D7FE48CC1ED7DE7F0085487D /* Debug */,
				D7FE48CD1ED7DE7F0085487D /* Release */,
			);
			defaultConfigurationIsVisible = 0;
			defaultConfigurationName = Release;
		};
/* End XCConfigurationList section */
	};
	rootObject = D7FE48B11ED7DE7F0085487D /* Project object */;
}
